PODS:
  - Alamofire (4.9.1)
  - CarbonKit (2.3.1)
  - IQKeyboardManagerSwift (6.5.4)
  - SDWebImage (5.4.0):
    - SDWebImage/Core (= 5.4.0)
  - SDWebImage/Core (5.4.0)

DEPENDENCIES:
  - Alamofire
  - CarbonKit
  - IQKeyboardManagerSwift
  - SDWebImage

SPEC REPOS:
  trunk:
    - Alamofire
    - CarbonKit
    - IQKeyboardManagerSwift
    - SDWebImage

SPEC CHECKSUMS:
  Alamofire: 85e8a02c69d6020a0d734f6054870d7ecb75cf18
  CarbonKit: b60e24dbdb47179990d5e074efa87ab819c8de98
  IQKeyboardManagerSwift: 2dde0fc70110e8eac7ccce2a46fdbec6a850b414
  SDWebImage: 5bf6aec6481ae2a062bdc59f9d6c1d1e552090e0

PODFILE CHECKSUM: 68d5a94a0565d82d9268f6c79c6e746994b2651f

COCOAPODS: 1.8.4
